
Microsoft Visual Studio Solution File, Format Version 12.00
# Visual Studio Version 16
VisualStudioVersion = 16.0.32929.386
MinimumVisualStudioVersion = 10.0.40219.1
Project("{9A19103F-16F7-4668-BE54-9A1E7A4F7556}") = "SolidPrinciples", "HelloWorld\SolidPrinciples.csproj", "{2C2269C7-D582-4F38-8974-CD2AB7B98D7E}"
EndProject
Project("{9A19103F-16F7-4668-BE54-9A1E7A4F7556}") = "DependencyInjection", "DependencyInjection\DependencyInjection.csproj", "{1CA19C98-8906-4042-A99C-F5595E72AD2F}"
EndProject
Project("{9A19103F-16F7-4668-BE54-9A1E7A4F7556}") = "DesignPattern", "DesignPattern\DesignPattern.csproj", "{2F2BA87B-2778-4BB3-9F86-392FBDE8E178}"
EndProject
Project("{9A19103F-16F7-4668-BE54-9A1E7A4F7556}") = "DesignVendingMachine", "DesignVendingMachine\DesignVendingMachine.csproj", "{D98D4B95-BD3C-4EBE-A200-559CD3885ED0}"
EndProject
Project("{9A19103F-16F7-4668-BE54-9A1E7A4F7556}") = "Cab", "CareTaker\Cab.csproj", "{A1F4EAD6-21C1-402A-952A-33B42675B907}"
EndProject
Project("{9A19103F-16F7-4668-BE54-9A1E7A4F7556}") = "SnakeLadderProblem", "SnakeLadderProblem\SnakeLadderProblem.csproj", "{FFE544ED-0D82-4417-A1C4-09D5F94F403B}"
EndProject
Project("{FAE04EC0-301F-11D3-BF4B-00C04F79EFBC}") = "EmployeeFolderAccess", "EmployeeFolderAccess\EmployeeFolderAccess.csproj", "{55586DC2-640B-40FF-AC22-D6E903CE84DC}"
EndProject
Project("{FAE04EC0-301F-11D3-BF4B-00C04F79EFBC}") = "Library", "Library\Library.csproj", "{8BC7F853-6EEB-45F3-9F26-95186810684B}"
EndProject
Global
	GlobalSection(SolutionConfigurationPlatforms) = preSolution
		Debug|Any CPU = Debug|Any CPU
		Release|Any CPU = Release|Any CPU
	EndGlobalSection
	GlobalSection(ProjectConfigurationPlatforms) = postSolution
		{2C2269C7-D582-4F38-8974-CD2AB7B98D7E}.Debug|Any CPU.ActiveCfg = Debug|Any CPU
		{2C2269C7-D582-4F38-8974-CD2AB7B98D7E}.Debug|Any CPU.Build.0 = Debug|Any CPU
		{2C2269C7-D582-4F38-8974-CD2AB7B98D7E}.Release|Any CPU.ActiveCfg = Release|Any CPU
		{2C2269C7-D582-4F38-8974-CD2AB7B98D7E}.Release|Any CPU.Build.0 = Release|Any CPU
		{1CA19C98-8906-4042-A99C-F5595E72AD2F}.Debug|Any CPU.ActiveCfg = Debug|Any CPU
		{1CA19C98-8906-4042-A99C-F5595E72AD2F}.Debug|Any CPU.Build.0 = Debug|Any CPU
		{1CA19C98-8906-4042-A99C-F5595E72AD2F}.Release|Any CPU.ActiveCfg = Release|Any CPU
		{1CA19C98-8906-4042-A99C-F5595E72AD2F}.Release|Any CPU.Build.0 = Release|Any CPU
		{2F2BA87B-2778-4BB3-9F86-392FBDE8E178}.Debug|Any CPU.ActiveCfg = Debug|Any CPU
		{2F2BA87B-2778-4BB3-9F86-392FBDE8E178}.Debug|Any CPU.Build.0 = Debug|Any CPU
		{2F2BA87B-2778-4BB3-9F86-392FBDE8E178}.Release|Any CPU.ActiveCfg = Release|Any CPU
		{2F2BA87B-2778-4BB3-9F86-392FBDE8E178}.Release|Any CPU.Build.0 = Release|Any CPU
		{D98D4B95-BD3C-4EBE-A200-559CD3885ED0}.Debug|Any CPU.ActiveCfg = Debug|Any CPU
		{D98D4B95-BD3C-4EBE-A200-559CD3885ED0}.Debug|Any CPU.Build.0 = Debug|Any CPU
		{D98D4B95-BD3C-4EBE-A200-559CD3885ED0}.Release|Any CPU.ActiveCfg = Release|Any CPU
		{D98D4B95-BD3C-4EBE-A200-559CD3885ED0}.Release|Any CPU.Build.0 = Release|Any CPU
		{A1F4EAD6-21C1-402A-952A-33B42675B907}.Debug|Any CPU.ActiveCfg = Debug|Any CPU
		{A1F4EAD6-21C1-402A-952A-33B42675B907}.Debug|Any CPU.Build.0 = Debug|Any CPU
		{A1F4EAD6-21C1-402A-952A-33B42675B907}.Release|Any CPU.ActiveCfg = Release|Any CPU
		{A1F4EAD6-21C1-402A-952A-33B42675B907}.Release|Any CPU.Build.0 = Release|Any CPU
		{FFE544ED-0D82-4417-A1C4-09D5F94F403B}.Debug|Any CPU.ActiveCfg = Debug|Any CPU
		{FFE544ED-0D82-4417-A1C4-09D5F94F403B}.Debug|Any CPU.Build.0 = Debug|Any CPU
		{FFE544ED-0D82-4417-A1C4-09D5F94F403B}.Release|Any CPU.ActiveCfg = Release|Any CPU
		{FFE544ED-0D82-4417-A1C4-09D5F94F403B}.Release|Any CPU.Build.0 = Release|Any CPU
		{55586DC2-640B-40FF-AC22-D6E903CE84DC}.Debug|Any CPU.ActiveCfg = Debug|Any CPU
		{55586DC2-640B-40FF-AC22-D6E903CE84DC}.Debug|Any CPU.Build.0 = Debug|Any CPU
		{55586DC2-640B-40FF-AC22-D6E903CE84DC}.Release|Any CPU.ActiveCfg = Release|Any CPU
		{55586DC2-640B-40FF-AC22-D6E903CE84DC}.Release|Any CPU.Build.0 = Release|Any CPU
		{8BC7F853-6EEB-45F3-9F26-95186810684B}.Debug|Any CPU.ActiveCfg = Debug|Any CPU
		{8BC7F853-6EEB-45F3-9F26-95186810684B}.Debug|Any CPU.Build.0 = Debug|Any CPU
		{8BC7F853-6EEB-45F3-9F26-95186810684B}.Release|Any CPU.ActiveCfg = Release|Any CPU
		{8BC7F853-6EEB-45F3-9F26-95186810684B}.Release|Any CPU.Build.0 = Release|Any CPU
	EndGlobalSection
	GlobalSection(SolutionProperties) = preSolution
		HideSolutionNode = FALSE
	EndGlobalSection
	GlobalSection(ExtensibilityGlobals) = postSolution
		SolutionGuid = {C1EB21B7-6B39-456B-991F-D93745D8B298}
	EndGlobalSection
EndGlobal
